
Microsoft Visual Studio Solution File, Format Version 12.00
Project("{FAE04EC0-301F-11D3-BF4B-00C04F79EFBC}") = "Casa", "Casa\Casa.csproj", "{3E60E544-C559-4D55-BAF0-BABB9F22C176}"
EndProject
Global
	GlobalSection(SolutionConfigurationPlatforms) = preSolution
		Debug|Any CPU = Debug|Any CPU
		Release|Any CPU = Release|Any CPU
	EndGlobalSection
	GlobalSection(ProjectConfigurationPlatforms) = postSolution
		{3E60E544-C559-4D55-BAF0-BABB9F22C176}.Debug|Any CPU.ActiveCfg = Debug|Any CPU
		{3E60E544-C559-4D55-BAF0-BABB9F22C176}.Debug|Any CPU.Build.0 = Debug|Any CPU
		{3E60E544-C559-4D55-BAF0-BABB9F22C176}.Release|Any CPU.ActiveCfg = Release|Any CPU
		{3E60E544-C559-4D55-BAF0-BABB9F22C176}.Release|Any CPU.Build.0 = Release|Any CPU
	EndGlobalSection
EndGlobal
